// !$*UTF8*$!
{
	archiveVersion = 1;
	classes = {
	};
	objectVersion = 56;
	objects = {

/* Begin PBXBuildFile section */
		3024183B2A9687AC0053A7B5 /* HomeView.swift in Sources */ = {isa = PBXBuildFile; fileRef = 3024183A2A9687AC0053A7B5 /* HomeView.swift */; };
		3024183D2A9687B40053A7B5 /* HomeViewModel.swift in Sources */ = {isa = PBXBuildFile; fileRef = 3024183C2A9687B40053A7B5 /* HomeViewModel.swift */; };
		3024183F2A96888C0053A7B5 /* Tab.swift in Sources */ = {isa = PBXBuildFile; fileRef = 3024183E2A96888C0053A7B5 /* Tab.swift */; };
		302418412A968A690053A7B5 /* MapType.swift in Sources */ = {isa = PBXBuildFile; fileRef = 302418402A968A690053A7B5 /* MapType.swift */; };
		3042511B2A90EB2D0092AB95 /* Open_Charge_MapApp.swift in Sources */ = {isa = PBXBuildFile; fileRef = 3042511A2A90EB2D0092AB95 /* Open_Charge_MapApp.swift */; };
		3042511D2A90EB2D0092AB95 /* ContentView.swift in Sources */ = {isa = PBXBuildFile; fileRef = 3042511C2A90EB2D0092AB95 /* ContentView.swift */; };
		3042511F2A90EB2E0092AB95 /* Assets.xcassets in Resources */ = {isa = PBXBuildFile; fileRef = 3042511E2A90EB2E0092AB95 /* Assets.xcassets */; };
		304251222A90EB2E0092AB95 /* Preview Assets.xcassets in Resources */ = {isa = PBXBuildFile; fileRef = 304251212A90EB2E0092AB95 /* Preview Assets.xcassets */; };
		3042512C2A90EB2E0092AB95 /* Open_Charge_MapTests.swift in Sources */ = {isa = PBXBuildFile; fileRef = 3042512B2A90EB2E0092AB95 /* Open_Charge_MapTests.swift */; };
		304251362A90EB2E0092AB95 /* Open_Charge_MapUITests.swift in Sources */ = {isa = PBXBuildFile; fileRef = 304251352A90EB2E0092AB95 /* Open_Charge_MapUITests.swift */; };
		304251382A90EB2E0092AB95 /* Open_Charge_MapUITestsLaunchTests.swift in Sources */ = {isa = PBXBuildFile; fileRef = 304251372A90EB2E0092AB95 /* Open_Charge_MapUITestsLaunchTests.swift */; };
		3042514B2A90EEDB0092AB95 /* MapView.swift in Sources */ = {isa = PBXBuildFile; fileRef = 3042514A2A90EEDB0092AB95 /* MapView.swift */; };
		3042514D2A90EF430092AB95 /* LocationService.swift in Sources */ = {isa = PBXBuildFile; fileRef = 3042514C2A90EF430092AB95 /* LocationService.swift */; };
		3042514F2A90FA230092AB95 /* LocationAnnotation.swift in Sources */ = {isa = PBXBuildFile; fileRef = 3042514E2A90FA230092AB95 /* LocationAnnotation.swift */; };
		304251512A90FAC00092AB95 /* Location.swift in Sources */ = {isa = PBXBuildFile; fileRef = 304251502A90FAC00092AB95 /* Location.swift */; };
		304251532A9105DA0092AB95 /* APIService.swift in Sources */ = {isa = PBXBuildFile; fileRef = 304251522A9105DA0092AB95 /* APIService.swift */; };
		304251572A911FD10092AB95 /* Data.swift in Sources */ = {isa = PBXBuildFile; fileRef = 304251562A911FD10092AB95 /* Data.swift */; };
		304251592A9122670092AB95 /* MapViewModel.swift in Sources */ = {isa = PBXBuildFile; fileRef = 304251582A9122670092AB95 /* MapViewModel.swift */; };
		3042515B2A9125C60092AB95 /* MapService.swift in Sources */ = {isa = PBXBuildFile; fileRef = 3042515A2A9125C60092AB95 /* MapService.swift */; };
		3042515D2A9144DE0092AB95 /* NotificationService.swift in Sources */ = {isa = PBXBuildFile; fileRef = 3042515C2A9144DE0092AB95 /* NotificationService.swift */; };
		304251602A914D7A0092AB95 /* APIError.swift in Sources */ = {isa = PBXBuildFile; fileRef = 3042515F2A914D7A0092AB95 /* APIError.swift */; };
		309996252A928D8900469FF3 /* MKCoordinateRegion.swift in Sources */ = {isa = PBXBuildFile; fileRef = 309996242A928D8900469FF3 /* MKCoordinateRegion.swift */; };
		309996272A93801B00469FF3 /* LocationAnnotationView.swift in Sources */ = {isa = PBXBuildFile; fileRef = 309996262A93801B00469FF3 /* LocationAnnotationView.swift */; };
		30AC05E02A96918000E86DE9 /* RouterService.swift in Sources */ = {isa = PBXBuildFile; fileRef = 30AC05DF2A96918000E86DE9 /* RouterService.swift */; };
		30DFD7082A93B7E000FB157C /* MapError.swift in Sources */ = {isa = PBXBuildFile; fileRef = 30DFD7072A93B7E000FB157C /* MapError.swift */; };
/* End PBXBuildFile section */

/* Begin PBXContainerItemProxy section */
		304251282A90EB2E0092AB95 /* PBXContainerItemProxy */ = {
			isa = PBXContainerItemProxy;
			containerPortal = 3042510F2A90EB2D0092AB95 /* Project object */;
			proxyType = 1;
			remoteGlobalIDString = 304251162A90EB2D0092AB95;
			remoteInfo = "Open Charge Map";
		};
		304251322A90EB2E0092AB95 /* PBXContainerItemProxy */ = {
			isa = PBXContainerItemProxy;
			containerPortal = 3042510F2A90EB2D0092AB95 /* Project object */;
			proxyType = 1;
			remoteGlobalIDString = 304251162A90EB2D0092AB95;
			remoteInfo = "Open Charge Map";
		};
/* End PBXContainerItemProxy section */

/* Begin PBXFileReference section */
		3024183A2A9687AC0053A7B5 /* HomeView.swift */ = {isa = PBXFileReference; lastKnownFileType = sourcecode.swift; path = HomeView.swift; sourceTree = "<group>"; };
		3024183C2A9687B40053A7B5 /* HomeViewModel.swift */ = {isa = PBXFileReference; lastKnownFileType = sourcecode.swift; path = HomeViewModel.swift; sourceTree = "<group>"; };
		3024183E2A96888C0053A7B5 /* Tab.swift */ = {isa = PBXFileReference; lastKnownFileType = sourcecode.swift; path = Tab.swift; sourceTree = "<group>"; };
		302418402A968A690053A7B5 /* MapType.swift */ = {isa = PBXFileReference; lastKnownFileType = sourcecode.swift; path = MapType.swift; sourceTree = "<group>"; };
		304251172A90EB2D0092AB95 /* Open Charge Map.app */ = {isa = PBXFileReference; explicitFileType = wrapper.application; includeInIndex = 0; path = "Open Charge Map.app"; sourceTree = BUILT_PRODUCTS_DIR; };
		3042511A2A90EB2D0092AB95 /* Open_Charge_MapApp.swift */ = {isa = PBXFileReference; lastKnownFileType = sourcecode.swift; path = Open_Charge_MapApp.swift; sourceTree = "<group>"; };
		3042511C2A90EB2D0092AB95 /* ContentView.swift */ = {isa = PBXFileReference; lastKnownFileType = sourcecode.swift; path = ContentView.swift; sourceTree = "<group>"; };
		3042511E2A90EB2E0092AB95 /* Assets.xcassets */ = {isa = PBXFileReference; lastKnownFileType = folder.assetcatalog; path = Assets.xcassets; sourceTree = "<group>"; };
		304251212A90EB2E0092AB95 /* Preview Assets.xcassets */ = {isa = PBXFileReference; lastKnownFileType = folder.assetcatalog; path = "Preview Assets.xcassets"; sourceTree = "<group>"; };
		304251272A90EB2E0092AB95 /* Open Charge MapTests.xctest */ = {isa = PBXFileReference; explicitFileType = wrapper.cfbundle; includeInIndex = 0; path = "Open Charge MapTests.xctest"; sourceTree = BUILT_PRODUCTS_DIR; };
		3042512B2A90EB2E0092AB95 /* Open_Charge_MapTests.swift */ = {isa = PBXFileReference; lastKnownFileType = sourcecode.swift; path = Open_Charge_MapTests.swift; sourceTree = "<group>"; };
		304251312A90EB2E0092AB95 /* Open Charge MapUITests.xctest */ = {isa = PBXFileReference; explicitFileType = wrapper.cfbundle; includeInIndex = 0; path = "Open Charge MapUITests.xctest"; sourceTree = BUILT_PRODUCTS_DIR; };
		304251352A90EB2E0092AB95 /* Open_Charge_MapUITests.swift */ = {isa = PBXFileReference; lastKnownFileType = sourcecode.swift; path = Open_Charge_MapUITests.swift; sourceTree = "<group>"; };
		304251372A90EB2E0092AB95 /* Open_Charge_MapUITestsLaunchTests.swift */ = {isa = PBXFileReference; lastKnownFileType = sourcecode.swift; path = Open_Charge_MapUITestsLaunchTests.swift; sourceTree = "<group>"; };
		3042514A2A90EEDB0092AB95 /* MapView.swift */ = {isa = PBXFileReference; lastKnownFileType = sourcecode.swift; path = MapView.swift; sourceTree = "<group>"; };
		3042514C2A90EF430092AB95 /* LocationService.swift */ = {isa = PBXFileReference; lastKnownFileType = sourcecode.swift; path = LocationService.swift; sourceTree = "<group>"; };
		3042514E2A90FA230092AB95 /* LocationAnnotation.swift */ = {isa = PBXFileReference; lastKnownFileType = sourcecode.swift; path = LocationAnnotation.swift; sourceTree = "<group>"; };
		304251502A90FAC00092AB95 /* Location.swift */ = {isa = PBXFileReference; lastKnownFileType = sourcecode.swift; path = Location.swift; sourceTree = "<group>"; };
		304251522A9105DA0092AB95 /* APIService.swift */ = {isa = PBXFileReference; lastKnownFileType = sourcecode.swift; path = APIService.swift; sourceTree = "<group>"; };
		304251562A911FD10092AB95 /* Data.swift */ = {isa = PBXFileReference; lastKnownFileType = sourcecode.swift; path = Data.swift; sourceTree = "<group>"; };
		304251582A9122670092AB95 /* MapViewModel.swift */ = {isa = PBXFileReference; lastKnownFileType = sourcecode.swift; path = MapViewModel.swift; sourceTree = "<group>"; };
		3042515A2A9125C60092AB95 /* MapService.swift */ = {isa = PBXFileReference; lastKnownFileType = sourcecode.swift; path = MapService.swift; sourceTree = "<group>"; };
		3042515C2A9144DE0092AB95 /* NotificationService.swift */ = {isa = PBXFileReference; lastKnownFileType = sourcecode.swift; path = NotificationService.swift; sourceTree = "<group>"; };
		3042515E2A9148880092AB95 /* Open-Charge-Map-Info.plist */ = {isa = PBXFileReference; lastKnownFileType = text.plist; path = "Open-Charge-Map-Info.plist"; sourceTree = SOURCE_ROOT; };
		3042515F2A914D7A0092AB95 /* APIError.swift */ = {isa = PBXFileReference; lastKnownFileType = sourcecode.swift; path = APIError.swift; sourceTree = "<group>"; };
		309996242A928D8900469FF3 /* MKCoordinateRegion.swift */ = {isa = PBXFileReference; lastKnownFileType = sourcecode.swift; path = MKCoordinateRegion.swift; sourceTree = "<group>"; };
		309996262A93801B00469FF3 /* LocationAnnotationView.swift */ = {isa = PBXFileReference; lastKnownFileType = sourcecode.swift; path = LocationAnnotationView.swift; sourceTree = "<group>"; };
		30AC05DF2A96918000E86DE9 /* RouterService.swift */ = {isa = PBXFileReference; lastKnownFileType = sourcecode.swift; path = RouterService.swift; sourceTree = "<group>"; };
		30DFD7072A93B7E000FB157C /* MapError.swift */ = {isa = PBXFileReference; lastKnownFileType = sourcecode.swift; path = MapError.swift; sourceTree = "<group>"; };
/* End PBXFileReference section */

/* Begin PBXFrameworksBuildPhase section */
		304251142A90EB2D0092AB95 /* Frameworks */ = {
			isa = PBXFrameworksBuildPhase;
			buildActionMask = 2147483647;
			files = (
			);
			runOnlyForDeploymentPostprocessing = 0;
		};
		304251242A90EB2E0092AB95 /* Frameworks */ = {
			isa = PBXFrameworksBuildPhase;
			buildActionMask = 2147483647;
			files = (
			);
			runOnlyForDeploymentPostprocessing = 0;
		};
		3042512E2A90EB2E0092AB95 /* Frameworks */ = {
			isa = PBXFrameworksBuildPhase;
			buildActionMask = 2147483647;
			files = (
			);
			runOnlyForDeploymentPostprocessing = 0;
		};
/* End PBXFrameworksBuildPhase section */

/* Begin PBXGroup section */
		302418372A9687980053A7B5 /* Home */ = {
			isa = PBXGroup;
			children = (
				3024183A2A9687AC0053A7B5 /* HomeView.swift */,
				3024183C2A9687B40053A7B5 /* HomeViewModel.swift */,
			);
			path = Home;
			sourceTree = "<group>";
		};
		302418422A968BF00053A7B5 /* Components */ = {
			isa = PBXGroup;
			children = (
			);
			path = Components;
			sourceTree = "<group>";
		};
		3042510E2A90EB2D0092AB95 = {
			isa = PBXGroup;
			children = (
				304251192A90EB2D0092AB95 /* Open Charge Map */,
				3042512A2A90EB2E0092AB95 /* Open Charge MapTests */,
				304251342A90EB2E0092AB95 /* Open Charge MapUITests */,
				304251182A90EB2D0092AB95 /* Products */,
			);
			sourceTree = "<group>";
		};
		304251182A90EB2D0092AB95 /* Products */ = {
			isa = PBXGroup;
			children = (
				304251172A90EB2D0092AB95 /* Open Charge Map.app */,
				304251272A90EB2E0092AB95 /* Open Charge MapTests.xctest */,
				304251312A90EB2E0092AB95 /* Open Charge MapUITests.xctest */,
			);
			name = Products;
			sourceTree = "<group>";
		};
		304251192A90EB2D0092AB95 /* Open Charge Map */ = {
			isa = PBXGroup;
			children = (
				3042515E2A9148880092AB95 /* Open-Charge-Map-Info.plist */,
				309996232A928D7D00469FF3 /* Extensions */,
				302418422A968BF00053A7B5 /* Components */,
				304251462A90ED490092AB95 /* Services */,
				304251452A90ED290092AB95 /* Models */,
				304251442A90ED250092AB95 /* Views */,
				3042511A2A90EB2D0092AB95 /* Open_Charge_MapApp.swift */,
				3042511E2A90EB2E0092AB95 /* Assets.xcassets */,
				304251202A90EB2E0092AB95 /* Preview Content */,
			);
			path = "Open Charge Map";
			sourceTree = "<group>";
		};
		304251202A90EB2E0092AB95 /* Preview Content */ = {
			isa = PBXGroup;
			children = (
				304251212A90EB2E0092AB95 /* Preview Assets.xcassets */,
			);
			path = "Preview Content";
			sourceTree = "<group>";
		};
		3042512A2A90EB2E0092AB95 /* Open Charge MapTests */ = {
			isa = PBXGroup;
			children = (
				3042512B2A90EB2E0092AB95 /* Open_Charge_MapTests.swift */,
			);
			path = "Open Charge MapTests";
			sourceTree = "<group>";
		};
		304251342A90EB2E0092AB95 /* Open Charge MapUITests */ = {
			isa = PBXGroup;
			children = (
				304251352A90EB2E0092AB95 /* Open_Charge_MapUITests.swift */,
				304251372A90EB2E0092AB95 /* Open_Charge_MapUITestsLaunchTests.swift */,
			);
			path = "Open Charge MapUITests";
			sourceTree = "<group>";
		};
		304251442A90ED250092AB95 /* Views */ = {
			isa = PBXGroup;
			children = (
				302418372A9687980053A7B5 /* Home */,
				304251492A90EED00092AB95 /* Map */,
				3042511C2A90EB2D0092AB95 /* ContentView.swift */,
			);
			path = Views;
			sourceTree = "<group>";
		};
		304251452A90ED290092AB95 /* Models */ = {
			isa = PBXGroup;
			children = (
				304251502A90FAC00092AB95 /* Location.swift */,
				3042514E2A90FA230092AB95 /* LocationAnnotation.swift */,
				309996262A93801B00469FF3 /* LocationAnnotationView.swift */,
				304251562A911FD10092AB95 /* Data.swift */,
				3042515F2A914D7A0092AB95 /* APIError.swift */,
				30DFD7072A93B7E000FB157C /* MapError.swift */,
				3024183E2A96888C0053A7B5 /* Tab.swift */,
				302418402A968A690053A7B5 /* MapType.swift */,
			);
			path = Models;
			sourceTree = "<group>";
		};
		304251462A90ED490092AB95 /* Services */ = {
			isa = PBXGroup;
			children = (
				3042514C2A90EF430092AB95 /* LocationService.swift */,
				304251522A9105DA0092AB95 /* APIService.swift */,
				3042515A2A9125C60092AB95 /* MapService.swift */,
				3042515C2A9144DE0092AB95 /* NotificationService.swift */,
				30AC05DF2A96918000E86DE9 /* RouterService.swift */,
			);
			path = Services;
			sourceTree = "<group>";
		};
		304251492A90EED00092AB95 /* Map */ = {
			isa = PBXGroup;
			children = (
				3042514A2A90EEDB0092AB95 /* MapView.swift */,
				304251582A9122670092AB95 /* MapViewModel.swift */,
			);
			path = Map;
			sourceTree = "<group>";
		};
		309996232A928D7D00469FF3 /* Extensions */ = {
			isa = PBXGroup;
			children = (
				309996242A928D8900469FF3 /* MKCoordinateRegion.swift */,
			);
			path = Extensions;
			sourceTree = "<group>";
		};
/* End PBXGroup section */

/* Begin PBXNativeTarget section */
		304251162A90EB2D0092AB95 /* Open Charge Map */ = {
			isa = PBXNativeTarget;
			buildConfigurationList = 3042513B2A90EB2E0092AB95 /* Build configuration list for PBXNativeTarget "Open Charge Map" */;
			buildPhases = (
				304251132A90EB2D0092AB95 /* Sources */,
				304251142A90EB2D0092AB95 /* Frameworks */,
				304251152A90EB2D0092AB95 /* Resources */,
			);
			buildRules = (
			);
			dependencies = (
			);
			name = "Open Charge Map";
			productName = "Open Charge Map";
			productReference = 304251172A90EB2D0092AB95 /* Open Charge Map.app */;
			productType = "com.apple.product-type.application";
		};
		304251262A90EB2E0092AB95 /* Open Charge MapTests */ = {
			isa = PBXNativeTarget;
			buildConfigurationList = 3042513E2A90EB2E0092AB95 /* Build configuration list for PBXNativeTarget "Open Charge MapTests" */;
			buildPhases = (
				304251232A90EB2E0092AB95 /* Sources */,
				304251242A90EB2E0092AB95 /* Frameworks */,
				304251252A90EB2E0092AB95 /* Resources */,
			);
			buildRules = (
			);
			dependencies = (
				304251292A90EB2E0092AB95 /* PBXTargetDependency */,
			);
			name = "Open Charge MapTests";
			productName = "Open Charge MapTests";
			productReference = 304251272A90EB2E0092AB95 /* Open Charge MapTests.xctest */;
			productType = "com.apple.product-type.bundle.unit-test";
		};
		304251302A90EB2E0092AB95 /* Open Charge MapUITests */ = {
			isa = PBXNativeTarget;
			buildConfigurationList = 304251412A90EB2E0092AB95 /* Build configuration list for PBXNativeTarget "Open Charge MapUITests" */;
			buildPhases = (
				3042512D2A90EB2E0092AB95 /* Sources */,
				3042512E2A90EB2E0092AB95 /* Frameworks */,
				3042512F2A90EB2E0092AB95 /* Resources */,
			);
			buildRules = (
			);
			dependencies = (
				304251332A90EB2E0092AB95 /* PBXTargetDependency */,
			);
			name = "Open Charge MapUITests";
			productName = "Open Charge MapUITests";
			productReference = 304251312A90EB2E0092AB95 /* Open Charge MapUITests.xctest */;
			productType = "com.apple.product-type.bundle.ui-testing";
		};
/* End PBXNativeTarget section */

/* Begin PBXProject section */
		3042510F2A90EB2D0092AB95 /* Project object */ = {
			isa = PBXProject;
			attributes = {
				BuildIndependentTargetsInParallel = 1;
				LastSwiftUpdateCheck = 1430;
				LastUpgradeCheck = 1430;
				TargetAttributes = {
					304251162A90EB2D0092AB95 = {
						CreatedOnToolsVersion = 14.3.1;
					};
					304251262A90EB2E0092AB95 = {
						CreatedOnToolsVersion = 14.3.1;
						TestTargetID = 304251162A90EB2D0092AB95;
					};
					304251302A90EB2E0092AB95 = {
						CreatedOnToolsVersion = 14.3.1;
						TestTargetID = 304251162A90EB2D0092AB95;
					};
				};
			};
			buildConfigurationList = 304251122A90EB2D0092AB95 /* Build configuration list for PBXProject "Open Charge Map" */;
			compatibilityVersion = "Xcode 14.0";
			developmentRegion = en;
			hasScannedForEncodings = 0;
			knownRegions = (
				en,
				Base,
			);
			mainGroup = 3042510E2A90EB2D0092AB95;
			productRefGroup = 304251182A90EB2D0092AB95 /* Products */;
			projectDirPath = "";
			projectRoot = "";
			targets = (
				304251162A90EB2D0092AB95 /* Open Charge Map */,
				304251262A90EB2E0092AB95 /* Open Charge MapTests */,
				304251302A90EB2E0092AB95 /* Open Charge MapUITests */,
			);
		};
/* End PBXProject section */

/* Begin PBXResourcesBuildPhase section */
		304251152A90EB2D0092AB95 /* Resources */ = {
			isa = PBXResourcesBuildPhase;
			buildActionMask = 2147483647;
			files = (
				304251222A90EB2E0092AB95 /* Preview Assets.xcassets in Resources */,
				3042511F2A90EB2E0092AB95 /* Assets.xcassets in Resources */,
			);
			runOnlyForDeploymentPostprocessing = 0;
		};
		304251252A90EB2E0092AB95 /* Resources */ = {
			isa = PBXResourcesBuildPhase;
			buildActionMask = 2147483647;
			files = (
			);
			runOnlyForDeploymentPostprocessing = 0;
		};
		3042512F2A90EB2E0092AB95 /* Resources */ = {
			isa = PBXResourcesBuildPhase;
			buildActionMask = 2147483647;
			files = (
			);
			runOnlyForDeploymentPostprocessing = 0;
		};
/* End PBXResourcesBuildPhase section */

/* Begin PBXSourcesBuildPhase section */
		304251132A90EB2D0092AB95 /* Sources */ = {
			isa = PBXSourcesBuildPhase;
			buildActionMask = 2147483647;
			files = (
				3042515B2A9125C60092AB95 /* MapService.swift in Sources */,
				3024183D2A9687B40053A7B5 /* HomeViewModel.swift in Sources */,
				30DFD7082A93B7E000FB157C /* MapError.swift in Sources */,
				3042515D2A9144DE0092AB95 /* NotificationService.swift in Sources */,
				302418412A968A690053A7B5 /* MapType.swift in Sources */,
				309996252A928D8900469FF3 /* MKCoordinateRegion.swift in Sources */,
				3024183B2A9687AC0053A7B5 /* HomeView.swift in Sources */,
				3042511D2A90EB2D0092AB95 /* ContentView.swift in Sources */,
				304251532A9105DA0092AB95 /* APIService.swift in Sources */,
				3042514B2A90EEDB0092AB95 /* MapView.swift in Sources */,
				304251602A914D7A0092AB95 /* APIError.swift in Sources */,
				3024183F2A96888C0053A7B5 /* Tab.swift in Sources */,
				3042514F2A90FA230092AB95 /* LocationAnnotation.swift in Sources */,
				30AC05E02A96918000E86DE9 /* RouterService.swift in Sources */,
				3042514D2A90EF430092AB95 /* LocationService.swift in Sources */,
				304251512A90FAC00092AB95 /* Location.swift in Sources */,
				309996272A93801B00469FF3 /* LocationAnnotationView.swift in Sources */,
				3042511B2A90EB2D0092AB95 /* Open_Charge_MapApp.swift in Sources */,
				304251572A911FD10092AB95 /* Data.swift in Sources */,
				304251592A9122670092AB95 /* MapViewModel.swift in Sources */,
			);
			runOnlyForDeploymentPostprocessing = 0;
		};
		304251232A90EB2E0092AB95 /* Sources */ = {
			isa = PBXSourcesBuildPhase;
			buildActionMask = 2147483647;
			files = (
				3042512C2A90EB2E0092AB95 /* Open_Charge_MapTests.swift in Sources */,
			);
			runOnlyForDeploymentPostprocessing = 0;
		};
		3042512D2A90EB2E0092AB95 /* Sources */ = {
			isa = PBXSourcesBuildPhase;
			buildActionMask = 2147483647;
			files = (
				304251362A90EB2E0092AB95 /* Open_Charge_MapUITests.swift in Sources */,
				304251382A90EB2E0092AB95 /* Open_Charge_MapUITestsLaunchTests.swift in Sources */,
			);
			runOnlyForDeploymentPostprocessing = 0;
		};
/* End PBXSourcesBuildPhase section */

/* Begin PBXTargetDependency section */
		304251292A90EB2E0092AB95 /* PBXTargetDependency */ = {
			isa = PBXTargetDependency;
			target = 304251162A90EB2D0092AB95 /* Open Charge Map */;
			targetProxy = 304251282A90EB2E0092AB95 /* PBXContainerItemProxy */;
		};
		304251332A90EB2E0092AB95 /* PBXTargetDependency */ = {
			isa = PBXTargetDependency;
			target = 304251162A90EB2D0092AB95 /* Open Charge Map */;
			targetProxy = 304251322A90EB2E0092AB95 /* PBXContainerItemProxy */;
		};
/* End PBXTargetDependency section */

/* Begin XCBuildConfiguration section */
		304251392A90EB2E0092AB95 /* Debug */ = {
			isa = XCBuildConfiguration;
			buildSettings = {
				ALWAYS_SEARCH_USER_PATHS = NO;
				CLANG_ANALYZER_NONNULL = YES;
				CLANG_ANALYZER_NUMBER_OBJECT_CONVERSION = YES_AGGRESSIVE;
				CLANG_CXX_LANGUAGE_STANDARD = "gnu++20";
				CLANG_ENABLE_MODULES = YES;
				CLANG_ENABLE_OBJC_ARC = YES;
				CLANG_ENABLE_OBJC_WEAK = YES;
				CLANG_WARN_BLOCK_CAPTURE_AUTORELEASING = YES;
				CLANG_WARN_BOOL_CONVERSION = YES;
				CLANG_WARN_COMMA = YES;
				CLANG_WARN_CONSTANT_CONVERSION = YES;
				CLANG_WARN_DEPRECATED_OBJC_IMPLEMENTATIONS = YES;
				CLANG_WARN_DIRECT_OBJC_ISA_USAGE = YES_ERROR;
				CLANG_WARN_DOCUMENTATION_COMMENTS = YES;
				CLANG_WARN_EMPTY_BODY = YES;
				CLANG_WARN_ENUM_CONVERSION = YES;
				CLANG_WARN_INFINITE_RECURSION = YES;
				CLANG_WARN_INT_CONVERSION = YES;
				CLANG_WARN_NON_LITERAL_NULL_CONVERSION = YES;
				CLANG_WARN_OBJC_IMPLICIT_RETAIN_SELF = YES;
				CLANG_WARN_OBJC_LITERAL_CONVERSION = YES;
				CLANG_WARN_OBJC_ROOT_CLASS = YES_ERROR;
				CLANG_WARN_QUOTED_INCLUDE_IN_FRAMEWORK_HEADER = YES;
				CLANG_WARN_RANGE_LOOP_ANALYSIS = YES;
				CLANG_WARN_STRICT_PROTOTYPES = YES;
				CLANG_WARN_SUSPICIOUS_MOVE = YES;
				CLANG_WARN_UNGUARDED_AVAILABILITY = YES_AGGRESSIVE;
				CLANG_WARN_UNREACHABLE_CODE = YES;
				CLANG_WARN__DUPLICATE_METHOD_MATCH = YES;
				COPY_PHASE_STRIP = NO;
				DEBUG_INFORMATION_FORMAT = dwarf;
				ENABLE_STRICT_OBJC_MSGSEND = YES;
				ENABLE_TESTABILITY = YES;
				GCC_C_LANGUAGE_STANDARD = gnu11;
				GCC_DYNAMIC_NO_PIC = NO;
				GCC_NO_COMMON_BLOCKS = YES;
				GCC_OPTIMIZATION_LEVEL = 0;
				GCC_PREPROCESSOR_DEFINITIONS = (
					"DEBUG=1",
					"$(inherited)",
				);
				GCC_WARN_64_TO_32_BIT_CONVERSION = YES;
				GCC_WARN_ABOUT_RETURN_TYPE = YES_ERROR;
				GCC_WARN_UNDECLARED_SELECTOR = YES;
				GCC_WARN_UNINITIALIZED_AUTOS = YES_AGGRESSIVE;
				GCC_WARN_UNUSED_FUNCTION = YES;
				GCC_WARN_UNUSED_VARIABLE = YES;
				IPHONEOS_DEPLOYMENT_TARGET = 16.4;
				MTL_ENABLE_DEBUG_INFO = INCLUDE_SOURCE;
				MTL_FAST_MATH = YES;
				ONLY_ACTIVE_ARCH = YES;
				SDKROOT = iphoneos;
				SWIFT_ACTIVE_COMPILATION_CONDITIONS = DEBUG;
				SWIFT_OPTIMIZATION_LEVEL = "-Onone";
			};
			name = Debug;
		};
		3042513A2A90EB2E0092AB95 /* Release */ = {
			isa = XCBuildConfiguration;
			buildSettings = {
				ALWAYS_SEARCH_USER_PATHS = NO;
				CLANG_ANALYZER_NONNULL = YES;
				CLANG_ANALYZER_NUMBER_OBJECT_CONVERSION = YES_AGGRESSIVE;
				CLANG_CXX_LANGUAGE_STANDARD = "gnu++20";
				CLANG_ENABLE_MODULES = YES;
				CLANG_ENABLE_OBJC_ARC = YES;
				CLANG_ENABLE_OBJC_WEAK = YES;
				CLANG_WARN_BLOCK_CAPTURE_AUTORELEASING = YES;
				CLANG_WARN_BOOL_CONVERSION = YES;
				CLANG_WARN_COMMA = YES;
				CLANG_WARN_CONSTANT_CONVERSION = YES;
				CLANG_WARN_DEPRECATED_OBJC_IMPLEMENTATIONS = YES;
				CLANG_WARN_DIRECT_OBJC_ISA_USAGE = YES_ERROR;
				CLANG_WARN_DOCUMENTATION_COMMENTS = YES;
				CLANG_WARN_EMPTY_BODY = YES;
				CLANG_WARN_ENUM_CONVERSION = YES;
				CLANG_WARN_INFINITE_RECURSION = YES;
				CLANG_WARN_INT_CONVERSION = YES;
				CLANG_WARN_NON_LITERAL_NULL_CONVERSION = YES;
				CLANG_WARN_OBJC_IMPLICIT_RETAIN_SELF = YES;
				CLANG_WARN_OBJC_LITERAL_CONVERSION = YES;
				CLANG_WARN_OBJC_ROOT_CLASS = YES_ERROR;
				CLANG_WARN_QUOTED_INCLUDE_IN_FRAMEWORK_HEADER = YES;
				CLANG_WARN_RANGE_LOOP_ANALYSIS = YES;
				CLANG_WARN_STRICT_PROTOTYPES = YES;
				CLANG_WARN_SUSPICIOUS_MOVE = YES;
				CLANG_WARN_UNGUARDED_AVAILABILITY = YES_AGGRESSIVE;
				CLANG_WARN_UNREACHABLE_CODE = YES;
				CLANG_WARN__DUPLICATE_METHOD_MATCH = YES;
				COPY_PHASE_STRIP = NO;
				DEBUG_INFORMATION_FORMAT = "dwarf-with-dsym";
				ENABLE_NS_ASSERTIONS = NO;
				ENABLE_STRICT_OBJC_MSGSEND = YES;
				GCC_C_LANGUAGE_STANDARD = gnu11;
				GCC_NO_COMMON_BLOCKS = YES;
				GCC_WARN_64_TO_32_BIT_CONVERSION = YES;
				GCC_WARN_ABOUT_RETURN_TYPE = YES_ERROR;
				GCC_WARN_UNDECLARED_SELECTOR = YES;
				GCC_WARN_UNINITIALIZED_AUTOS = YES_AGGRESSIVE;
				GCC_WARN_UNUSED_FUNCTION = YES;
				GCC_WARN_UNUSED_VARIABLE = YES;
				IPHONEOS_DEPLOYMENT_TARGET = 16.4;
				MTL_ENABLE_DEBUG_INFO = NO;
				MTL_FAST_MATH = YES;
				SDKROOT = iphoneos;
				SWIFT_COMPILATION_MODE = wholemodule;
				SWIFT_OPTIMIZATION_LEVEL = "-O";
				VALIDATE_PRODUCT = YES;
			};
			name = Release;
		};
		3042513C2A90EB2E0092AB95 /* Debug */ = {
			isa = XCBuildConfiguration;
			buildSettings = {
				ASSETCATALOG_COMPILER_APPICON_NAME = AppIcon;
				ASSETCATALOG_COMPILER_GLOBAL_ACCENT_COLOR_NAME = AccentColor;
				CODE_SIGN_STYLE = Automatic;
				CURRENT_PROJECT_VERSION = 1;
				DEVELOPMENT_ASSET_PATHS = "\"Open Charge Map/Preview Content\"";
				DEVELOPMENT_TEAM = HS8PVR3BLT;
				ENABLE_PREVIEWS = YES;
				GENERATE_INFOPLIST_FILE = YES;
				INFOPLIST_FILE = "Open-Charge-Map-Info.plist";
				INFOPLIST_KEY_LSApplicationCategoryType = "public.app-category.navigation";
				INFOPLIST_KEY_NSLocationAlwaysAndWhenInUseUsageDescription = "Wir nutzen deine Position um Ladepunkte in deiner Nähe zu finden.";
				INFOPLIST_KEY_NSLocationWhenInUseUsageDescription = "Wir nutzen deine Position um Ladepunkte in deiner Nähe zu finden.";
				INFOPLIST_KEY_UIApplicationSceneManifest_Generation = YES;
				INFOPLIST_KEY_UIApplicationSupportsIndirectInputEvents = YES;
				INFOPLIST_KEY_UILaunchScreen_Generation = YES;
				INFOPLIST_KEY_UISupportedInterfaceOrientations_iPad = "UIInterfaceOrientationPortrait UIInterfaceOrientationPortraitUpsideDown UIInterfaceOrientationLandscapeLeft UIInterfaceOrientationLandscapeRight";
				INFOPLIST_KEY_UISupportedInterfaceOrientations_iPhone = "UIInterfaceOrientationPortrait UIInterfaceOrientationLandscapeLeft UIInterfaceOrientationLandscapeRight";
				LD_RUNPATH_SEARCH_PATHS = (
					"$(inherited)",
					"@executable_path/Frameworks",
				);
				MARKETING_VERSION = 1.0;
				PRODUCT_BUNDLE_IDENTIFIER = "craftcode.Open-Charge-Map";
				PRODUCT_NAME = "$(TARGET_NAME)";
				SWIFT_EMIT_LOC_STRINGS = YES;
				SWIFT_VERSION = 5.0;
				TARGETED_DEVICE_FAMILY = "1,2";
			};
			name = Debug;
		};
		3042513D2A90EB2E0092AB95 /* Release */ = {
			isa = XCBuildConfiguration;
			buildSettings = {
				ASSETCATALOG_COMPILER_APPICON_NAME = AppIcon;
				ASSETCATALOG_COMPILER_GLOBAL_ACCENT_COLOR_NAME = AccentColor;
				CODE_SIGN_STYLE = Automatic;
				CURRENT_PROJECT_VERSION = 1;
				DEVELOPMENT_ASSET_PATHS = "\"Open Charge Map/Preview Content\"";
				DEVELOPMENT_TEAM = HS8PVR3BLT;
				ENABLE_PREVIEWS = YES;
				GENERATE_INFOPLIST_FILE = YES;
				INFOPLIST_FILE = "Open-Charge-Map-Info.plist";
				INFOPLIST_KEY_LSApplicationCategoryType = "public.app-category.navigation";
				INFOPLIST_KEY_NSLocationAlwaysAndWhenInUseUsageDescription = "Wir nutzen deine Position um Ladepunkte in deiner Nähe zu finden.";
				INFOPLIST_KEY_NSLocationWhenInUseUsageDescription = "Wir nutzen deine Position um Ladepunkte in deiner Nähe zu finden.";
				INFOPLIST_KEY_UIApplicationSceneManifest_Generation = YES;
				INFOPLIST_KEY_UIApplicationSupportsIndirectInputEvents = YES;
				INFOPLIST_KEY_UILaunchScreen_Generation = YES;
				INFOPLIST_KEY_UISupportedInterfaceOrientations_iPad = "UIInterfaceOrientationPortrait UIInterfaceOrientationPortraitUpsideDown UIInterfaceOrientationLandscapeLeft UIInterfaceOrientationLandscapeRight";
				INFOPLIST_KEY_UISupportedInterfaceOrientations_iPhone = "UIInterfaceOrientationPortrait UIInterfaceOrientationLandscapeLeft UIInterfaceOrientationLandscapeRight";
				LD_RUNPATH_SEARCH_PATHS = (
					"$(inherited)",
					"@executable_path/Frameworks",
				);
				MARKETING_VERSION = 1.0;
				PRODUCT_BUNDLE_IDENTIFIER = "craftcode.Open-Charge-Map";
				PRODUCT_NAME = "$(TARGET_NAME)";
				SWIFT_EMIT_LOC_STRINGS = YES;
				SWIFT_VERSION = 5.0;
				TARGETED_DEVICE_FAMILY = "1,2";
			};
			name = Release;
		};
		3042513F2A90EB2E0092AB95 /* Debug */ = {
			isa = XCBuildConfiguration;
			buildSettings = {
				ALWAYS_EMBED_SWIFT_STANDARD_LIBRARIES = YES;
				BUNDLE_LOADER = "$(TEST_HOST)";
				CODE_SIGN_STYLE = Automatic;
				CURRENT_PROJECT_VERSION = 1;
				DEVELOPMENT_TEAM = HS8PVR3BLT;
				GENERATE_INFOPLIST_FILE = YES;
				IPHONEOS_DEPLOYMENT_TARGET = 16.4;
				MARKETING_VERSION = 1.0;
				PRODUCT_BUNDLE_IDENTIFIER = "craftcode.Open-Charge-MapTests";
				PRODUCT_NAME = "$(TARGET_NAME)";
				SWIFT_EMIT_LOC_STRINGS = NO;
				SWIFT_VERSION = 5.0;
				TARGETED_DEVICE_FAMILY = "1,2";
				TEST_HOST = "$(BUILT_PRODUCTS_DIR)/Open Charge Map.app/$(BUNDLE_EXECUTABLE_FOLDER_PATH)/Open Charge Map";
			};
			name = Debug;
		};
		304251402A90EB2E0092AB95 /* Release */ = {
			isa = XCBuildConfiguration;
			buildSettings = {
				ALWAYS_EMBED_SWIFT_STANDARD_LIBRARIES = YES;
				BUNDLE_LOADER = "$(TEST_HOST)";
				CODE_SIGN_STYLE = Automatic;
				CURRENT_PROJECT_VERSION = 1;
				DEVELOPMENT_TEAM = HS8PVR3BLT;
				GENERATE_INFOPLIST_FILE = YES;
				IPHONEOS_DEPLOYMENT_TARGET = 16.4;
				MARKETING_VERSION = 1.0;
				PRODUCT_BUNDLE_IDENTIFIER = "craftcode.Open-Charge-MapTests";
				PRODUCT_NAME = "$(TARGET_NAME)";
				SWIFT_EMIT_LOC_STRINGS = NO;
				SWIFT_VERSION = 5.0;
				TARGETED_DEVICE_FAMILY = "1,2";
				TEST_HOST = "$(BUILT_PRODUCTS_DIR)/Open Charge Map.app/$(BUNDLE_EXECUTABLE_FOLDER_PATH)/Open Charge Map";
			};
			name = Release;
		};
		304251422A90EB2E0092AB95 /* Debug */ = {
			isa = XCBuildConfiguration;
			buildSettings = {
				ALWAYS_EMBED_SWIFT_STANDARD_LIBRARIES = YES;
				CODE_SIGN_STYLE = Automatic;
				CURRENT_PROJECT_VERSION = 1;
				DEVELOPMENT_TEAM = HS8PVR3BLT;
				GENERATE_INFOPLIST_FILE = YES;
				MARKETING_VERSION = 1.0;
				PRODUCT_BUNDLE_IDENTIFIER = "craftcode.Open-Charge-MapUITests";
				PRODUCT_NAME = "$(TARGET_NAME)";
				SWIFT_EMIT_LOC_STRINGS = NO;
				SWIFT_VERSION = 5.0;
				TARGETED_DEVICE_FAMILY = "1,2";
				TEST_TARGET_NAME = "Open Charge Map";
			};
			name = Debug;
		};
		304251432A90EB2E0092AB95 /* Release */ = {
			isa = XCBuildConfiguration;
			buildSettings = {
				ALWAYS_EMBED_SWIFT_STANDARD_LIBRARIES = YES;
				CODE_SIGN_STYLE = Automatic;
				CURRENT_PROJECT_VERSION = 1;
				DEVELOPMENT_TEAM = HS8PVR3BLT;
				GENERATE_INFOPLIST_FILE = YES;
				MARKETING_VERSION = 1.0;
				PRODUCT_BUNDLE_IDENTIFIER = "craftcode.Open-Charge-MapUITests";
				PRODUCT_NAME = "$(TARGET_NAME)";
				SWIFT_EMIT_LOC_STRINGS = NO;
				SWIFT_VERSION = 5.0;
				TARGETED_DEVICE_FAMILY = "1,2";
				TEST_TARGET_NAME = "Open Charge Map";
			};
			name = Release;
		};
/* End XCBuildConfiguration section */

/* Begin XCConfigurationList section */
		304251122A90EB2D0092AB95 /* Build configuration list for PBXProject "Open Charge Map" */ = {
			isa = XCConfigurationList;
			buildConfigurations = (
				304251392A90EB2E0092AB95 /* Debug */,
				3042513A2A90EB2E0092AB95 /* Release */,
			);
			defaultConfigurationIsVisible = 0;
			defaultConfigurationName = Release;
		};
		3042513B2A90EB2E0092AB95 /* Build configuration list for PBXNativeTarget "Open Charge Map" */ = {
			isa = XCConfigurationList;
			buildConfigurations = (
				3042513C2A90EB2E0092AB95 /* Debug */,
				3042513D2A90EB2E0092AB95 /* Release */,
			);
			defaultConfigurationIsVisible = 0;
			defaultConfigurationName = Release;
		};
		3042513E2A90EB2E0092AB95 /* Build configuration list for PBXNativeTarget "Open Charge MapTests" */ = {
			isa = XCConfigurationList;
			buildConfigurations = (
				3042513F2A90EB2E0092AB95 /* Debug */,
				304251402A90EB2E0092AB95 /* Release */,
			);
			defaultConfigurationIsVisible = 0;
			defaultConfigurationName = Release;
		};
		304251412A90EB2E0092AB95 /* Build configuration list for PBXNativeTarget "Open Charge MapUITests" */ = {
			isa = XCConfigurationList;
			buildConfigurations = (
				304251422A90EB2E0092AB95 /* Debug */,
				304251432A90EB2E0092AB95 /* Release */,
			);
			defaultConfigurationIsVisible = 0;
			defaultConfigurationName = Release;
		};
/* End XCConfigurationList section */
	};
	rootObject = 3042510F2A90EB2D0092AB95 /* Project object */;
}
